
Microsoft Visual Studio Solution File, Format Version 12.00
Project("{FAE04EC0-301F-11D3-BF4B-00C04F79EFBC}") = "PerformanceReview", "src\PerformanceReview\PerformanceReview.csproj", "{3CC40738-6E66-4714-AA3E-5CBF32ADA5DC}"
EndProject
Project("{FAE04EC0-301F-11D3-BF4B-00C04F79EFBC}") = "LINQTesting", "test\LINQTesting\LINQTesting.csproj", "{B0D34817-65F7-4810-B68E-1BE545016A6C}"
EndProject
Global
	GlobalSection(SolutionConfigurationPlatforms) = preSolution
		Debug|Any CPU = Debug|Any CPU
		Release|Any CPU = Release|Any CPU
	EndGlobalSection
	GlobalSection(ProjectConfigurationPlatforms) = postSolution
		{3CC40738-6E66-4714-AA3E-5CBF32ADA5DC}.Debug|Any CPU.ActiveCfg = Debug|Any CPU
		{3CC40738-6E66-4714-AA3E-5CBF32ADA5DC}.Debug|Any CPU.Build.0 = Debug|Any CPU
		{3CC40738-6E66-4714-AA3E-5CBF32ADA5DC}.Release|Any CPU.ActiveCfg = Release|Any CPU
		{3CC40738-6E66-4714-AA3E-5CBF32ADA5DC}.Release|Any CPU.Build.0 = Release|Any CPU
		{B0D34817-65F7-4810-B68E-1BE545016A6C}.Debug|Any CPU.ActiveCfg = Debug|Any CPU
		{B0D34817-65F7-4810-B68E-1BE545016A6C}.Debug|Any CPU.Build.0 = Debug|Any CPU
		{B0D34817-65F7-4810-B68E-1BE545016A6C}.Release|Any CPU.ActiveCfg = Release|Any CPU
		{B0D34817-65F7-4810-B68E-1BE545016A6C}.Release|Any CPU.Build.0 = Release|Any CPU
	EndGlobalSection
EndGlobal
